
Microsoft Visual Studio Solution File, Format Version 12.00
# Visual Studio 15
VisualStudioVersion = 15.0.26730.3
MinimumVisualStudioVersion = 10.0.40219.1
Project("{FAE04EC0-301F-11D3-BF4B-00C04F79EFBC}") = "StudentsApp", "StudentsApp\StudentsApp.csproj", "{763872D7-397B-41F4-B4A7-BCA05008952F}"
EndProject
Project("{FAE04EC0-301F-11D3-BF4B-00C04F79EFBC}") = "Core", "Core\Core.csproj", "{8D6098F0-B5AB-4B34-9284-9EDDD726E3A8}"
EndProject
Project("{FAE04EC0-301F-11D3-BF4B-00C04F79EFBC}") = "Data", "Data\Data.csproj", "{A2A3E764-C968-44CD-94B9-ADDD0E963C00}"
EndProject
Project("{FAE04EC0-301F-11D3-BF4B-00C04F79EFBC}") = "Services", "Services\Services.csproj", "{E72EEBD9-095E-4BD3-B368-05A1C358914F}"
EndProject
Global
	GlobalSection(SolutionConfigurationPlatforms) = preSolution
		Debug|Any CPU = Debug|Any CPU
		Release|Any CPU = Release|Any CPU
	EndGlobalSection
	GlobalSection(ProjectConfigurationPlatforms) = postSolution
		{763872D7-397B-41F4-B4A7-BCA05008952F}.Debug|Any CPU.ActiveCfg = Debug|Any CPU
		{763872D7-397B-41F4-B4A7-BCA05008952F}.Debug|Any CPU.Build.0 = Debug|Any CPU
		{763872D7-397B-41F4-B4A7-BCA05008952F}.Release|Any CPU.ActiveCfg = Release|Any CPU
		{763872D7-397B-41F4-B4A7-BCA05008952F}.Release|Any CPU.Build.0 = Release|Any CPU
		{8D6098F0-B5AB-4B34-9284-9EDDD726E3A8}.Debug|Any CPU.ActiveCfg = Debug|Any CPU
		{8D6098F0-B5AB-4B34-9284-9EDDD726E3A8}.Debug|Any CPU.Build.0 = Debug|Any CPU
		{8D6098F0-B5AB-4B34-9284-9EDDD726E3A8}.Release|Any CPU.ActiveCfg = Release|Any CPU
		{8D6098F0-B5AB-4B34-9284-9EDDD726E3A8}.Release|Any CPU.Build.0 = Release|Any CPU
		{A2A3E764-C968-44CD-94B9-ADDD0E963C00}.Debug|Any CPU.ActiveCfg = Debug|Any CPU
		{A2A3E764-C968-44CD-94B9-ADDD0E963C00}.Debug|Any CPU.Build.0 = Debug|Any CPU
		{A2A3E764-C968-44CD-94B9-ADDD0E963C00}.Release|Any CPU.ActiveCfg = Release|Any CPU
		{A2A3E764-C968-44CD-94B9-ADDD0E963C00}.Release|Any CPU.Build.0 = Release|Any CPU
		{E72EEBD9-095E-4BD3-B368-05A1C358914F}.Debug|Any CPU.ActiveCfg = Debug|Any CPU
		{E72EEBD9-095E-4BD3-B368-05A1C358914F}.Debug|Any CPU.Build.0 = Debug|Any CPU
		{E72EEBD9-095E-4BD3-B368-05A1C358914F}.Release|Any CPU.ActiveCfg = Release|Any CPU
		{E72EEBD9-095E-4BD3-B368-05A1C358914F}.Release|Any CPU.Build.0 = Release|Any CPU
	EndGlobalSection
	GlobalSection(SolutionProperties) = preSolution
		HideSolutionNode = FALSE
	EndGlobalSection
	GlobalSection(ExtensibilityGlobals) = postSolution
		SolutionGuid = {F28A007B-5A6C-4ED2-A159-9BB73E638740}
	EndGlobalSection
EndGlobal
